
Microsoft Visual Studio Solution File, Format Version 11.00
# Visual Studio 2010
Project("{FAE04EC0-301F-11D3-BF4B-00C04F79EFBC}") = "soitoolkit-nms", "soitoolkit-nms\soitoolkit-nms.csproj", "{8E117F11-D498-4EDE-B058-2E9AB87CFF8D}"
EndProject
Project("{FAE04EC0-301F-11D3-BF4B-00C04F79EFBC}") = "soitoolkit-nms-tests", "soitoolkit-nms-tests\soitoolkit-nms-tests.csproj", "{9F7767F5-80AC-453F-B659-91CFFB694451}"
EndProject
Project("{2150E333-8FDC-42A3-9474-1A3956D46DE8}") = "Solution Items", "Solution Items", "{B7CEA2F2-74B3-4EFB-AC98-3B077FA6BC2F}"
	ProjectSection(SolutionItems) = preProject
		Local.testsettings = Local.testsettings
		soitoolkit-nms.vsmdi = soitoolkit-nms.vsmdi
		TraceAndTestImpact.testsettings = TraceAndTestImpact.testsettings
	EndProjectSection
EndProject
Global
	GlobalSection(TestCaseManagementSettings) = postSolution
		CategoryFile = soitoolkit-nms.vsmdi
	EndGlobalSection
	GlobalSection(SolutionConfigurationPlatforms) = preSolution
		Debug|Any CPU = Debug|Any CPU
		Release|Any CPU = Release|Any CPU
	EndGlobalSection
	GlobalSection(ProjectConfigurationPlatforms) = postSolution
		{8E117F11-D498-4EDE-B058-2E9AB87CFF8D}.Debug|Any CPU.ActiveCfg = Debug|Any CPU
		{8E117F11-D498-4EDE-B058-2E9AB87CFF8D}.Debug|Any CPU.Build.0 = Debug|Any CPU
		{8E117F11-D498-4EDE-B058-2E9AB87CFF8D}.Release|Any CPU.ActiveCfg = Release|Any CPU
		{8E117F11-D498-4EDE-B058-2E9AB87CFF8D}.Release|Any CPU.Build.0 = Release|Any CPU
		{9F7767F5-80AC-453F-B659-91CFFB694451}.Debug|Any CPU.ActiveCfg = Debug|Any CPU
		{9F7767F5-80AC-453F-B659-91CFFB694451}.Debug|Any CPU.Build.0 = Debug|Any CPU
		{9F7767F5-80AC-453F-B659-91CFFB694451}.Release|Any CPU.ActiveCfg = Release|Any CPU
		{9F7767F5-80AC-453F-B659-91CFFB694451}.Release|Any CPU.Build.0 = Release|Any CPU
	EndGlobalSection
	GlobalSection(SolutionProperties) = preSolution
		HideSolutionNode = FALSE
	EndGlobalSection
EndGlobal
